
Microsoft Visual Studio Solution File, Format Version 12.00
# Visual Studio Version 17
VisualStudioVersion = 17.2.32616.157
MinimumVisualStudioVersion = 10.0.40219.1
Project("{FAE04EC0-301F-11D3-BF4B-00C04F79EFBC}") = "RealEstateApp", "RealEstateApp\RealEstateApp.csproj", "{DCC42DCD-9386-4EE1-B1C9-95AFEF90550B}"
EndProject
Global
	GlobalSection(SolutionConfigurationPlatforms) = preSolution
		Debug|Any CPU = Debug|Any CPU
		Release|Any CPU = Release|Any CPU
	EndGlobalSection
	GlobalSection(ProjectConfigurationPlatforms) = postSolution
		{DCC42DCD-9386-4EE1-B1C9-95AFEF90550B}.Debug|Any CPU.ActiveCfg = Debug|Any CPU
		{DCC42DCD-9386-4EE1-B1C9-95AFEF90550B}.Debug|Any CPU.Build.0 = Debug|Any CPU
		{DCC42DCD-9386-4EE1-B1C9-95AFEF90550B}.Release|Any CPU.ActiveCfg = Release|Any CPU
		{DCC42DCD-9386-4EE1-B1C9-95AFEF90550B}.Release|Any CPU.Build.0 = Release|Any CPU
	EndGlobalSection
	GlobalSection(SolutionProperties) = preSolution
		HideSolutionNode = FALSE
	EndGlobalSection
	GlobalSection(ExtensibilityGlobals) = postSolution
		SolutionGuid = {7FD21FC0-5A2C-457F-9EAC-6E43A82E7124}
	EndGlobalSection
EndGlobal
